
Microsoft Visual Studio Solution File, Format Version 12.00
# Visual Studio Version 17
VisualStudioVersion = 17.9.34310.174
MinimumVisualStudioVersion = 10.0.40219.1
Project("{FAE04EC0-301F-11D3-BF4B-00C04F79EFBC}") = "Day01", "Day01\Day01.csproj", "{2C0FDAB2-BF23-4B94-9C65-F9763C7A74D3}"
EndProject
Global
	GlobalSection(SolutionConfigurationPlatforms) = preSolution
		Debug|Any CPU = Debug|Any CPU
		Release|Any CPU = Release|Any CPU
	EndGlobalSection
	GlobalSection(ProjectConfigurationPlatforms) = postSolution
		{2C0FDAB2-BF23-4B94-9C65-F9763C7A74D3}.Debug|Any CPU.ActiveCfg = Debug|Any CPU
		{2C0FDAB2-BF23-4B94-9C65-F9763C7A74D3}.Debug|Any CPU.Build.0 = Debug|Any CPU
		{2C0FDAB2-BF23-4B94-9C65-F9763C7A74D3}.Release|Any CPU.ActiveCfg = Release|Any CPU
		{2C0FDAB2-BF23-4B94-9C65-F9763C7A74D3}.Release|Any CPU.Build.0 = Release|Any CPU
	EndGlobalSection
	GlobalSection(SolutionProperties) = preSolution
		HideSolutionNode = FALSE
	EndGlobalSection
	GlobalSection(ExtensibilityGlobals) = postSolution
		SolutionGuid = {493BC767-5B3E-4740-9FEB-EE95F4D4D55F}
	EndGlobalSection
EndGlobal
